
Microsoft Visual Studio Solution File, Format Version 12.00
# Visual Studio Version 17
VisualStudioVersion = 17.5.33424.131
MinimumVisualStudioVersion = 10.0.40219.1
Project("{FAE04EC0-301F-11D3-BF4B-00C04F79EFBC}") = "Shopping Website", "Shopping Website\Shopping Website.csproj", "{3BEF54BC-5DF8-4E75-9279-E9028EBB931E}"
EndProject
Global
	GlobalSection(SolutionConfigurationPlatforms) = preSolution
		Debug|Any CPU = Debug|Any CPU
		Release|Any CPU = Release|Any CPU
	EndGlobalSection
	GlobalSection(ProjectConfigurationPlatforms) = postSolution
		{3BEF54BC-5DF8-4E75-9279-E9028EBB931E}.Debug|Any CPU.ActiveCfg = Debug|Any CPU
		{3BEF54BC-5DF8-4E75-9279-E9028EBB931E}.Debug|Any CPU.Build.0 = Debug|Any CPU
		{3BEF54BC-5DF8-4E75-9279-E9028EBB931E}.Release|Any CPU.ActiveCfg = Release|Any CPU
		{3BEF54BC-5DF8-4E75-9279-E9028EBB931E}.Release|Any CPU.Build.0 = Release|Any CPU
	EndGlobalSection
	GlobalSection(SolutionProperties) = preSolution
		HideSolutionNode = FALSE
	EndGlobalSection
	GlobalSection(ExtensibilityGlobals) = postSolution
		SolutionGuid = {8893E450-0902-4E48-BCAF-177F01842A5F}
	EndGlobalSection
EndGlobal
