
Microsoft Visual Studio Solution File, Format Version 12.00
# Visual Studio Version 17
VisualStudioVersion = 17.5.33424.131
MinimumVisualStudioVersion = 10.0.40219.1
Project("{FAE04EC0-301F-11D3-BF4B-00C04F79EFBC}") = "Credit Card Verification", "Credit Card Verification\Credit Card Verification.csproj", "{3038213A-6DE7-44B0-AFFC-CC33F7F4AEF9}"
EndProject
Global
	GlobalSection(SolutionConfigurationPlatforms) = preSolution
		Debug|Any CPU = Debug|Any CPU
		Release|Any CPU = Release|Any CPU
	EndGlobalSection
	GlobalSection(ProjectConfigurationPlatforms) = postSolution
		{3038213A-6DE7-44B0-AFFC-CC33F7F4AEF9}.Debug|Any CPU.ActiveCfg = Debug|Any CPU
		{3038213A-6DE7-44B0-AFFC-CC33F7F4AEF9}.Debug|Any CPU.Build.0 = Debug|Any CPU
		{3038213A-6DE7-44B0-AFFC-CC33F7F4AEF9}.Release|Any CPU.ActiveCfg = Release|Any CPU
		{3038213A-6DE7-44B0-AFFC-CC33F7F4AEF9}.Release|Any CPU.Build.0 = Release|Any CPU
	EndGlobalSection
	GlobalSection(SolutionProperties) = preSolution
		HideSolutionNode = FALSE
	EndGlobalSection
	GlobalSection(ExtensibilityGlobals) = postSolution
		SolutionGuid = {E6F727EB-0C94-4603-A9F6-AA5D028C975A}
	EndGlobalSection
EndGlobal
